{
  "name": "pi-telegram-service",
  "version": "0.1.0",
  "lockfileVersion": 3,
  "requires": true,
  "packages": {
    "": {
      "name": "pi-telegram-service",
      "version": "0.1.0",
      "license": "MIT",
      "dependencies": {
        "undici": "^8.10.1"
      },
      "engines": {
        "node": ">=20"
      }
    },
    "node_modules/undici": {
      "version": "8.10.1",
      "resolved": "https://registry.npmjs.org/undici/-/undici-8.10.1.tgz",
      "integrity": "sha512-YQ3WlbqjYMmNpdvDH64jAgLjxuAR9+649calDWhbshYaeQGO2bR4nI94ORJmwI3J9YhoKQnpyGOK+0zlWS5N5Q==",
      "license": "MIT",
      "engines": {
        "node": ">=22.19.0"
      }
    }
  }
}
